Microsoft Visual Studio Solution File, Format Version 12.00
# Visual Studio Version 17
VisualStudioVersion = 17.5.2.0
MinimumVisualStudioVersion = 10.0.40219.1
Project("{2150E333-8FDC-42A3-9474-1A3956D46DE8}") = "Windows", "Windows", "{AF50D07C-CBCD-524F-DB50-1B7C7AC32620}"
EndProject
Project("{FAE04EC0-301F-11D3-BF4B-00C04F79EFBC}") = "XDisplay", "Windows\XDisplay.csproj", "{9DE1EA2D-19F8-E8A3-A464-49A06F69C60D}"
EndProject
Global
	GlobalSection(SolutionConfigurationPlatforms) = preSolution
		Debug|Any CPU = Debug|Any CPU
		Release|Any CPU = Release|Any CPU
	EndGlobalSection
	GlobalSection(ProjectConfigurationPlatforms) = postSolution
		{9DE1EA2D-19F8-E8A3-A464-49A06F69C60D}.Debug|Any CPU.ActiveCfg = Debug|Any CPU
		{9DE1EA2D-19F8-E8A3-A464-49A06F69C60D}.Debug|Any CPU.Build.0 = Debug|Any CPU
		{9DE1EA2D-19F8-E8A3-A464-49A06F69C60D}.Release|Any CPU.ActiveCfg = Release|Any CPU
		{9DE1EA2D-19F8-E8A3-A464-49A06F69C60D}.Release|Any CPU.Build.0 = Release|Any CPU
	EndGlobalSection
	GlobalSection(SolutionProperties) = preSolution
		HideSolutionNode = FALSE
	EndGlobalSection
	GlobalSection(NestedProjects) = preSolution
		{9DE1EA2D-19F8-E8A3-A464-49A06F69C60D} = {AF50D07C-CBCD-524F-DB50-1B7C7AC32620}
	EndGlobalSection
	GlobalSection(ExtensibilityGlobals) = postSolution
		SolutionGuid = {E42A4A83-8C9F-4244-8DBB-4A350FEA0336}
	EndGlobalSection
EndGlobal
